
Microsoft Visual Studio Solution File, Format Version 10.00
# Visual Studio 2008
Project("{FAE04EC0-301F-11D3-BF4B-00C04F79EFBC}") = "AutoGitClient", "AutoGitClient.csproj", "{9380FDFB-D55A-4047-AEBD-4E18D3D64930}"
EndProject
Project("{54435603-DBB4-11D2-8724-00A0C9A8B90C}") = "AutoGitClientSetup", "..\AutoGitClientSetup\AutoGitClientSetup.vdproj", "{00CFF9A3-C23F-4FA2-B1A0-60096E842C17}"
EndProject
Global
	GlobalSection(SolutionConfigurationPlatforms) = preSolution
		Debug|Any CPU = Debug|Any CPU
		Release|Any CPU = Release|Any CPU
	EndGlobalSection
	GlobalSection(ProjectConfigurationPlatforms) = postSolution
		{9380FDFB-D55A-4047-AEBD-4E18D3D64930}.Debug|Any CPU.ActiveCfg = Debug|Any CPU
		{9380FDFB-D55A-4047-AEBD-4E18D3D64930}.Debug|Any CPU.Build.0 = Debug|Any CPU
		{9380FDFB-D55A-4047-AEBD-4E18D3D64930}.Release|Any CPU.ActiveCfg = Release|Any CPU
		{9380FDFB-D55A-4047-AEBD-4E18D3D64930}.Release|Any CPU.Build.0 = Release|Any CPU
		{00CFF9A3-C23F-4FA2-B1A0-60096E842C17}.Debug|Any CPU.ActiveCfg = Debug
		{00CFF9A3-C23F-4FA2-B1A0-60096E842C17}.Release|Any CPU.ActiveCfg = Release
	EndGlobalSection
	GlobalSection(SolutionProperties) = preSolution
		HideSolutionNode = FALSE
	EndGlobalSection
EndGlobal
